
Microsoft Visual Studio Solution File, Format Version 12.00
# Visual Studio 15
VisualStudioVersion = 15.0.26430.13
MinimumVisualStudioVersion = 10.0.40219.1
Project("{9A19103F-16F7-4668-BE54-9A1E7A4F7556}") = "PAYROLE.MODEL", "PAYROLE.MODEL\PAYROLE.MODEL.csproj", "{7A5C3363-9E31-4060-949B-2CA94656600F}"
EndProject
Project("{9A19103F-16F7-4668-BE54-9A1E7A4F7556}") = "PAYROLE.AUTH", "PAYROLE.AUTH\PAYROLE.AUTH.csproj", "{35661139-45F6-42F3-BFCC-D5ADEECC7271}"
EndProject
Project("{9A19103F-16F7-4668-BE54-9A1E7A4F7556}") = "PAYROLE.WEB", "PAYROLE.WEB\PAYROLE.WEB.csproj", "{B8D40EEB-ABDB-4E6B-A733-CCAD0ED3BC4B}"
EndProject
Project("{9A19103F-16F7-4668-BE54-9A1E7A4F7556}") = "PAYROLE.DATA", "PAYROLE.DATA\PAYROLE.DATA.csproj", "{D083E6FF-65A4-4C00-99E3-44FB6A0C6BFE}"
EndProject
Project("{9A19103F-16F7-4668-BE54-9A1E7A4F7556}") = "PAYROLE.MIGRATIONS", "PAYROLE.MIGRATIONS\PAYROLE.MIGRATIONS.csproj", "{F045BFC0-2D8E-4C5D-BFDB-177873EBFD7A}"
EndProject
Project("{9A19103F-16F7-4668-BE54-9A1E7A4F7556}") = "PAYROLE.FRAMEWORK", "PAYROLE.FRAMEWORK\PAYROLE.FRAMEWORK.csproj", "{69380BB3-2395-46D5-8C16-9FEA2FFEB56D}"
EndProject
Global
	GlobalSection(SolutionConfigurationPlatforms) = preSolution
		Debug|Any CPU = Debug|Any CPU
		Release|Any CPU = Release|Any CPU
	EndGlobalSection
	GlobalSection(ProjectConfigurationPlatforms) = postSolution
		{7A5C3363-9E31-4060-949B-2CA94656600F}.Debug|Any CPU.ActiveCfg = Debug|Any CPU
		{7A5C3363-9E31-4060-949B-2CA94656600F}.Debug|Any CPU.Build.0 = Debug|Any CPU
		{7A5C3363-9E31-4060-949B-2CA94656600F}.Release|Any CPU.ActiveCfg = Release|Any CPU
		{7A5C3363-9E31-4060-949B-2CA94656600F}.Release|Any CPU.Build.0 = Release|Any CPU
		{35661139-45F6-42F3-BFCC-D5ADEECC7271}.Debug|Any CPU.ActiveCfg = Debug|Any CPU
		{35661139-45F6-42F3-BFCC-D5ADEECC7271}.Debug|Any CPU.Build.0 = Debug|Any CPU
		{35661139-45F6-42F3-BFCC-D5ADEECC7271}.Release|Any CPU.ActiveCfg = Release|Any CPU
		{35661139-45F6-42F3-BFCC-D5ADEECC7271}.Release|Any CPU.Build.0 = Release|Any CPU
		{B8D40EEB-ABDB-4E6B-A733-CCAD0ED3BC4B}.Debug|Any CPU.ActiveCfg = Debug|Any CPU
		{B8D40EEB-ABDB-4E6B-A733-CCAD0ED3BC4B}.Debug|Any CPU.Build.0 = Debug|Any CPU
		{B8D40EEB-ABDB-4E6B-A733-CCAD0ED3BC4B}.Release|Any CPU.ActiveCfg = Release|Any CPU
		{B8D40EEB-ABDB-4E6B-A733-CCAD0ED3BC4B}.Release|Any CPU.Build.0 = Release|Any CPU
		{D083E6FF-65A4-4C00-99E3-44FB6A0C6BFE}.Debug|Any CPU.ActiveCfg = Debug|Any CPU
		{D083E6FF-65A4-4C00-99E3-44FB6A0C6BFE}.Debug|Any CPU.Build.0 = Debug|Any CPU
		{D083E6FF-65A4-4C00-99E3-44FB6A0C6BFE}.Release|Any CPU.ActiveCfg = Release|Any CPU
		{D083E6FF-65A4-4C00-99E3-44FB6A0C6BFE}.Release|Any CPU.Build.0 = Release|Any CPU
		{F045BFC0-2D8E-4C5D-BFDB-177873EBFD7A}.Debug|Any CPU.ActiveCfg = Debug|Any CPU
		{F045BFC0-2D8E-4C5D-BFDB-177873EBFD7A}.Debug|Any CPU.Build.0 = Debug|Any CPU
		{F045BFC0-2D8E-4C5D-BFDB-177873EBFD7A}.Release|Any CPU.ActiveCfg = Release|Any CPU
		{F045BFC0-2D8E-4C5D-BFDB-177873EBFD7A}.Release|Any CPU.Build.0 = Release|Any CPU
		{69380BB3-2395-46D5-8C16-9FEA2FFEB56D}.Debug|Any CPU.ActiveCfg = Debug|Any CPU
		{69380BB3-2395-46D5-8C16-9FEA2FFEB56D}.Debug|Any CPU.Build.0 = Debug|Any CPU
		{69380BB3-2395-46D5-8C16-9FEA2FFEB56D}.Release|Any CPU.ActiveCfg = Release|Any CPU
		{69380BB3-2395-46D5-8C16-9FEA2FFEB56D}.Release|Any CPU.Build.0 = Release|Any CPU
	EndGlobalSection
	GlobalSection(SolutionProperties) = preSolution
		HideSolutionNode = FALSE
	EndGlobalSection
EndGlobal
